
Microsoft Visual Studio Solution File, Format Version 12.00
# Visual Studio Version 16
VisualStudioVersion = 16.0.30503.244
MinimumVisualStudioVersion = 10.0.40219.1
Project("{FAE04EC0-301F-11D3-BF4B-00C04F79EFBC}") = "CSV Example", "CSV Example\CSV Example.csproj", "{02AEA397-F67F-4710-AEF3-6899F0A6B6F1}"
EndProject
Global
	GlobalSection(SolutionConfigurationPlatforms) = preSolution
		Debug|Any CPU = Debug|Any CPU
		Release|Any CPU = Release|Any CPU
	EndGlobalSection
	GlobalSection(ProjectConfigurationPlatforms) = postSolution
		{02AEA397-F67F-4710-AEF3-6899F0A6B6F1}.Debug|Any CPU.ActiveCfg = Debug|Any CPU
		{02AEA397-F67F-4710-AEF3-6899F0A6B6F1}.Debug|Any CPU.Build.0 = Debug|Any CPU
		{02AEA397-F67F-4710-AEF3-6899F0A6B6F1}.Release|Any CPU.ActiveCfg = Release|Any CPU
		{02AEA397-F67F-4710-AEF3-6899F0A6B6F1}.Release|Any CPU.Build.0 = Release|Any CPU
	EndGlobalSection
	GlobalSection(SolutionProperties) = preSolution
		HideSolutionNode = FALSE
	EndGlobalSection
	GlobalSection(ExtensibilityGlobals) = postSolution
		SolutionGuid = {3E65EFF7-6B75-4BF8-83A8-DFAAB9184657}
	EndGlobalSection
EndGlobal
